
Microsoft Visual Studio Solution File, Format Version 12.00
# Visual Studio 2013
VisualStudioVersion = 12.0.30110.0
MinimumVisualStudioVersion = 10.0.40219.1
Project("{FAE04EC0-301F-11D3-BF4B-00C04F79EFBC}") = "MTDBCreator", "MTDBCreator\MTDBCreator.csproj", "{2DA18AEC-7DE7-4861-AC6A-537456DA9185}"
EndProject
Project("{FAE04EC0-301F-11D3-BF4B-00C04F79EFBC}") = "MTDBFramework", "MTDBFramework\MTDBFramework.csproj", "{3EE14E5D-3881-410E-86DF-611BAE112E90}"
EndProject
Project("{FAE04EC0-301F-11D3-BF4B-00C04F79EFBC}") = "MTDBCreatorTestSuite", "MTDBCreatorTestSuite\MTDBCreatorTestSuite.csproj", "{4A0492AF-0FEE-404D-AADD-E2DC473B0901}"
EndProject
Global
	GlobalSection(SolutionConfigurationPlatforms) = preSolution
		Debug|x64 = Debug|x64
		Debug|x86 = Debug|x86
		Release|x64 = Release|x64
		Release|x86 = Release|x86
	EndGlobalSection
	GlobalSection(ProjectConfigurationPlatforms) = postSolution
		{2DA18AEC-7DE7-4861-AC6A-537456DA9185}.Debug|x64.ActiveCfg = Debug|x64
		{2DA18AEC-7DE7-4861-AC6A-537456DA9185}.Debug|x64.Build.0 = Debug|x64
		{2DA18AEC-7DE7-4861-AC6A-537456DA9185}.Debug|x86.ActiveCfg = Debug|x86
		{2DA18AEC-7DE7-4861-AC6A-537456DA9185}.Debug|x86.Build.0 = Debug|x86
		{2DA18AEC-7DE7-4861-AC6A-537456DA9185}.Release|x64.ActiveCfg = Release|x64
		{2DA18AEC-7DE7-4861-AC6A-537456DA9185}.Release|x64.Build.0 = Release|x64
		{2DA18AEC-7DE7-4861-AC6A-537456DA9185}.Release|x86.ActiveCfg = Release|x86
		{2DA18AEC-7DE7-4861-AC6A-537456DA9185}.Release|x86.Build.0 = Release|x86
		{3EE14E5D-3881-410E-86DF-611BAE112E90}.Debug|x64.ActiveCfg = Debug|x64
		{3EE14E5D-3881-410E-86DF-611BAE112E90}.Debug|x64.Build.0 = Debug|x64
		{3EE14E5D-3881-410E-86DF-611BAE112E90}.Debug|x86.ActiveCfg = Debug|x86
		{3EE14E5D-3881-410E-86DF-611BAE112E90}.Debug|x86.Build.0 = Debug|x86
		{3EE14E5D-3881-410E-86DF-611BAE112E90}.Release|x64.ActiveCfg = Release|x64
		{3EE14E5D-3881-410E-86DF-611BAE112E90}.Release|x64.Build.0 = Release|x64
		{3EE14E5D-3881-410E-86DF-611BAE112E90}.Release|x86.ActiveCfg = Release|x86
		{3EE14E5D-3881-410E-86DF-611BAE112E90}.Release|x86.Build.0 = Release|x86
		{4A0492AF-0FEE-404D-AADD-E2DC473B0901}.Debug|x64.ActiveCfg = Debug|x64
		{4A0492AF-0FEE-404D-AADD-E2DC473B0901}.Debug|x64.Build.0 = Debug|x64
		{4A0492AF-0FEE-404D-AADD-E2DC473B0901}.Debug|x86.ActiveCfg = Debug|x86
		{4A0492AF-0FEE-404D-AADD-E2DC473B0901}.Debug|x86.Build.0 = Debug|x86
		{4A0492AF-0FEE-404D-AADD-E2DC473B0901}.Release|x64.ActiveCfg = Release|x64
		{4A0492AF-0FEE-404D-AADD-E2DC473B0901}.Release|x64.Build.0 = Release|x64
		{4A0492AF-0FEE-404D-AADD-E2DC473B0901}.Release|x86.ActiveCfg = Release|x86
		{4A0492AF-0FEE-404D-AADD-E2DC473B0901}.Release|x86.Build.0 = Release|x86
	EndGlobalSection
	GlobalSection(SolutionProperties) = preSolution
		HideSolutionNode = FALSE
	EndGlobalSection
EndGlobal
