Microsoft Visual Studio Solution File, Format Version 10.00
# Visual Studio 2008
Project("{FAE04EC0-301F-11D3-BF4B-00C04F79EFBC}") = "MTDBCreator", "MTDBCreator\MTDBCreator.csproj", "{5F099595-D69F-43A4-843D-7CAD673B98AA}"
EndProject
Project("{8BC9CEB8-8B4A-11D0-8D11-00A0C91BC942}") = "Regressor", "MSMSAligner\UMCCreation.vcproj", "{8A102398-56CC-4AEE-A09C-B98741CB6ECA}"
EndProject
Project("{54435603-DBB4-11D2-8724-00A0C9A8B90C}") = "MTDBCreatorInstall", "MTDBCreatorInstall\MTDBCreatorInstall.vdproj", "{2BFD2C02-8E61-4323-802B-479159022EB9}"
EndProject
Global
	GlobalSection(SolutionConfigurationPlatforms) = preSolution
		Debug_Basic|Any CPU = Debug_Basic|Any CPU
		Debug_Basic|Mixed Platforms = Debug_Basic|Mixed Platforms
		Debug_Basic|Win32 = Debug_Basic|Win32
		Debug|Any CPU = Debug|Any CPU
		Debug|Mixed Platforms = Debug|Mixed Platforms
		Debug|Win32 = Debug|Win32
		MTDBCreator_Basic|Any CPU = MTDBCreator_Basic|Any CPU
		MTDBCreator_Basic|Mixed Platforms = MTDBCreator_Basic|Mixed Platforms
		MTDBCreator_Basic|Win32 = MTDBCreator_Basic|Win32
		Release_Basic|Any CPU = Release_Basic|Any CPU
		Release_Basic|Mixed Platforms = Release_Basic|Mixed Platforms
		Release_Basic|Win32 = Release_Basic|Win32
		Release|Any CPU = Release|Any CPU
		Release|Mixed Platforms = Release|Mixed Platforms
		Release|Win32 = Release|Win32
	EndGlobalSection
	GlobalSection(ProjectConfigurationPlatforms) = postSolution
		{5F099595-D69F-43A4-843D-7CAD673B98AA}.Debug_Basic|Any CPU.ActiveCfg = Debug_Basic|Any CPU
		{5F099595-D69F-43A4-843D-7CAD673B98AA}.Debug_Basic|Any CPU.Build.0 = Debug_Basic|Any CPU
		{5F099595-D69F-43A4-843D-7CAD673B98AA}.Debug_Basic|Mixed Platforms.ActiveCfg = Debug_Basic|Any CPU
		{5F099595-D69F-43A4-843D-7CAD673B98AA}.Debug_Basic|Mixed Platforms.Build.0 = Debug_Basic|Any CPU
		{5F099595-D69F-43A4-843D-7CAD673B98AA}.Debug_Basic|Win32.ActiveCfg = Debug_Basic|Any CPU
		{5F099595-D69F-43A4-843D-7CAD673B98AA}.Debug|Any CPU.ActiveCfg = Debug|Any CPU
		{5F099595-D69F-43A4-843D-7CAD673B98AA}.Debug|Any CPU.Build.0 = Debug|Any CPU
		{5F099595-D69F-43A4-843D-7CAD673B98AA}.Debug|Mixed Platforms.ActiveCfg = Debug|Any CPU
		{5F099595-D69F-43A4-843D-7CAD673B98AA}.Debug|Mixed Platforms.Build.0 = Debug|Any CPU
		{5F099595-D69F-43A4-843D-7CAD673B98AA}.Debug|Win32.ActiveCfg = Debug|Any CPU
		{5F099595-D69F-43A4-843D-7CAD673B98AA}.MTDBCreator_Basic|Any CPU.ActiveCfg = Release_Basic|Any CPU
		{5F099595-D69F-43A4-843D-7CAD673B98AA}.MTDBCreator_Basic|Any CPU.Build.0 = Release_Basic|Any CPU
		{5F099595-D69F-43A4-843D-7CAD673B98AA}.MTDBCreator_Basic|Mixed Platforms.ActiveCfg = Release_Basic|Any CPU
		{5F099595-D69F-43A4-843D-7CAD673B98AA}.MTDBCreator_Basic|Mixed Platforms.Build.0 = Release_Basic|Any CPU
		{5F099595-D69F-43A4-843D-7CAD673B98AA}.MTDBCreator_Basic|Win32.ActiveCfg = Release_Basic|Any CPU
		{5F099595-D69F-43A4-843D-7CAD673B98AA}.Release_Basic|Any CPU.ActiveCfg = Release_Basic|Any CPU
		{5F099595-D69F-43A4-843D-7CAD673B98AA}.Release_Basic|Any CPU.Build.0 = Release_Basic|Any CPU
		{5F099595-D69F-43A4-843D-7CAD673B98AA}.Release_Basic|Mixed Platforms.ActiveCfg = Release_Basic|Any CPU
		{5F099595-D69F-43A4-843D-7CAD673B98AA}.Release_Basic|Mixed Platforms.Build.0 = Release_Basic|Any CPU
		{5F099595-D69F-43A4-843D-7CAD673B98AA}.Release_Basic|Win32.ActiveCfg = Release_Basic|Any CPU
		{5F099595-D69F-43A4-843D-7CAD673B98AA}.Release|Any CPU.ActiveCfg = Release|Any CPU
		{5F099595-D69F-43A4-843D-7CAD673B98AA}.Release|Any CPU.Build.0 = Release|Any CPU
		{5F099595-D69F-43A4-843D-7CAD673B98AA}.Release|Mixed Platforms.ActiveCfg = Release|Any CPU
		{5F099595-D69F-43A4-843D-7CAD673B98AA}.Release|Mixed Platforms.Build.0 = Release|Any CPU
		{5F099595-D69F-43A4-843D-7CAD673B98AA}.Release|Win32.ActiveCfg = Release|Any CPU
		{8A102398-56CC-4AEE-A09C-B98741CB6ECA}.Debug_Basic|Any CPU.ActiveCfg = Debug_Basic|Win32
		{8A102398-56CC-4AEE-A09C-B98741CB6ECA}.Debug_Basic|Mixed Platforms.ActiveCfg = Debug_Basic|Win32
		{8A102398-56CC-4AEE-A09C-B98741CB6ECA}.Debug_Basic|Mixed Platforms.Build.0 = Debug_Basic|Win32
		{8A102398-56CC-4AEE-A09C-B98741CB6ECA}.Debug_Basic|Win32.ActiveCfg = Debug_Basic|Win32
		{8A102398-56CC-4AEE-A09C-B98741CB6ECA}.Debug_Basic|Win32.Build.0 = Debug_Basic|Win32
		{8A102398-56CC-4AEE-A09C-B98741CB6ECA}.Debug|Any CPU.ActiveCfg = Debug|Win32
		{8A102398-56CC-4AEE-A09C-B98741CB6ECA}.Debug|Mixed Platforms.ActiveCfg = Debug|Win32
		{8A102398-56CC-4AEE-A09C-B98741CB6ECA}.Debug|Mixed Platforms.Build.0 = Debug|Win32
		{8A102398-56CC-4AEE-A09C-B98741CB6ECA}.Debug|Win32.ActiveCfg = Debug|Win32
		{8A102398-56CC-4AEE-A09C-B98741CB6ECA}.Debug|Win32.Build.0 = Debug|Win32
		{8A102398-56CC-4AEE-A09C-B98741CB6ECA}.MTDBCreator_Basic|Any CPU.ActiveCfg = MTDBCreator_Basic|Win32
		{8A102398-56CC-4AEE-A09C-B98741CB6ECA}.MTDBCreator_Basic|Mixed Platforms.ActiveCfg = MTDBCreator_Basic|Win32
		{8A102398-56CC-4AEE-A09C-B98741CB6ECA}.MTDBCreator_Basic|Mixed Platforms.Build.0 = MTDBCreator_Basic|Win32
		{8A102398-56CC-4AEE-A09C-B98741CB6ECA}.MTDBCreator_Basic|Win32.ActiveCfg = MTDBCreator_Basic|Win32
		{8A102398-56CC-4AEE-A09C-B98741CB6ECA}.MTDBCreator_Basic|Win32.Build.0 = MTDBCreator_Basic|Win32
		{8A102398-56CC-4AEE-A09C-B98741CB6ECA}.Release_Basic|Any CPU.ActiveCfg = Release_Basic|Win32
		{8A102398-56CC-4AEE-A09C-B98741CB6ECA}.Release_Basic|Mixed Platforms.ActiveCfg = Release_Basic|Win32
		{8A102398-56CC-4AEE-A09C-B98741CB6ECA}.Release_Basic|Mixed Platforms.Build.0 = Release_Basic|Win32
		{8A102398-56CC-4AEE-A09C-B98741CB6ECA}.Release_Basic|Win32.ActiveCfg = Release_Basic|Win32
		{8A102398-56CC-4AEE-A09C-B98741CB6ECA}.Release_Basic|Win32.Build.0 = Release_Basic|Win32
		{8A102398-56CC-4AEE-A09C-B98741CB6ECA}.Release|Any CPU.ActiveCfg = Release|Win32
		{8A102398-56CC-4AEE-A09C-B98741CB6ECA}.Release|Mixed Platforms.ActiveCfg = Release|Win32
		{8A102398-56CC-4AEE-A09C-B98741CB6ECA}.Release|Mixed Platforms.Build.0 = Release|Win32
		{8A102398-56CC-4AEE-A09C-B98741CB6ECA}.Release|Win32.ActiveCfg = Release|Win32
		{8A102398-56CC-4AEE-A09C-B98741CB6ECA}.Release|Win32.Build.0 = Release|Win32
		{2BFD2C02-8E61-4323-802B-479159022EB9}.Debug_Basic|Any CPU.ActiveCfg = Debug_Basic
		{2BFD2C02-8E61-4323-802B-479159022EB9}.Debug_Basic|Any CPU.Build.0 = Debug_Basic
		{2BFD2C02-8E61-4323-802B-479159022EB9}.Debug_Basic|Mixed Platforms.ActiveCfg = Debug_Basic
		{2BFD2C02-8E61-4323-802B-479159022EB9}.Debug_Basic|Win32.ActiveCfg = Debug_Basic
		{2BFD2C02-8E61-4323-802B-479159022EB9}.Debug_Basic|Win32.Build.0 = Debug_Basic
		{2BFD2C02-8E61-4323-802B-479159022EB9}.Debug|Any CPU.ActiveCfg = Debug_Basic
		{2BFD2C02-8E61-4323-802B-479159022EB9}.Debug|Any CPU.Build.0 = Debug_Basic
		{2BFD2C02-8E61-4323-802B-479159022EB9}.Debug|Mixed Platforms.ActiveCfg = Debug
		{2BFD2C02-8E61-4323-802B-479159022EB9}.Debug|Mixed Platforms.Build.0 = Debug
		{2BFD2C02-8E61-4323-802B-479159022EB9}.Debug|Win32.ActiveCfg = Debug_Basic
		{2BFD2C02-8E61-4323-802B-479159022EB9}.Debug|Win32.Build.0 = Debug_Basic
		{2BFD2C02-8E61-4323-802B-479159022EB9}.MTDBCreator_Basic|Any CPU.ActiveCfg = MTDBCreator_Basic
		{2BFD2C02-8E61-4323-802B-479159022EB9}.MTDBCreator_Basic|Any CPU.Build.0 = MTDBCreator_Basic
		{2BFD2C02-8E61-4323-802B-479159022EB9}.MTDBCreator_Basic|Mixed Platforms.ActiveCfg = MTDBCreator_Basic
		{2BFD2C02-8E61-4323-802B-479159022EB9}.MTDBCreator_Basic|Mixed Platforms.Build.0 = MTDBCreator_Basic
		{2BFD2C02-8E61-4323-802B-479159022EB9}.MTDBCreator_Basic|Win32.ActiveCfg = MTDBCreator_Basic
		{2BFD2C02-8E61-4323-802B-479159022EB9}.MTDBCreator_Basic|Win32.Build.0 = MTDBCreator_Basic
		{2BFD2C02-8E61-4323-802B-479159022EB9}.Release_Basic|Any CPU.ActiveCfg = Release_Basic
		{2BFD2C02-8E61-4323-802B-479159022EB9}.Release_Basic|Any CPU.Build.0 = Release_Basic
		{2BFD2C02-8E61-4323-802B-479159022EB9}.Release_Basic|Mixed Platforms.ActiveCfg = Release_Basic
		{2BFD2C02-8E61-4323-802B-479159022EB9}.Release_Basic|Win32.ActiveCfg = Release_Basic
		{2BFD2C02-8E61-4323-802B-479159022EB9}.Release_Basic|Win32.Build.0 = Release_Basic
		{2BFD2C02-8E61-4323-802B-479159022EB9}.Release|Any CPU.ActiveCfg = Release_Basic
		{2BFD2C02-8E61-4323-802B-479159022EB9}.Release|Any CPU.Build.0 = Release_Basic
		{2BFD2C02-8E61-4323-802B-479159022EB9}.Release|Mixed Platforms.ActiveCfg = Release
		{2BFD2C02-8E61-4323-802B-479159022EB9}.Release|Mixed Platforms.Build.0 = Release
		{2BFD2C02-8E61-4323-802B-479159022EB9}.Release|Win32.ActiveCfg = Release_Basic
		{2BFD2C02-8E61-4323-802B-479159022EB9}.Release|Win32.Build.0 = Release_Basic
	EndGlobalSection
	GlobalSection(SolutionProperties) = preSolution
		HideSolutionNode = FALSE
	EndGlobalSection
EndGlobal
